// !$*UTF8*$!
{
	archiveVersion = 1;
	classes = {
	};
	objectVersion = 56;
	objects = {

/* Begin PBXBuildFile section */
		D6B7C9222B2EC95F00A3E1CD /* AppDelegate.m in Sources */ = {isa = PBXBuildFile; fileRef = D6B7C9212B2EC95F00A3E1CD /* AppDelegate.m */; };
		D6B7C9252B2EC95F00A3E1CD /* SceneDelegate.m in Sources */ = {isa = PBXBuildFile; fileRef = D6B7C9242B2EC95F00A3E1CD /* SceneDelegate.m */; };
		D6B7C9282B2EC95F00A3E1CD /* ViewController.m in Sources */ = {isa = PBXBuildFile; fileRef = D6B7C9272B2EC95F00A3E1CD /* ViewController.m */; };
		D6B7C92B2B2EC95F00A3E1CD /* Main.storyboard in Resources */ = {isa = PBXBuildFile; fileRef = D6B7C9292B2EC95F00A3E1CD /* Main.storyboard */; };
		D6B7C92D2B2EC96100A3E1CD /* Assets.xcassets in Resources */ = {isa = PBXBuildFile; fileRef = D6B7C92C2B2EC96100A3E1CD /* Assets.xcassets */; };
		D6B7C9302B2EC96100A3E1CD /* LaunchScreen.storyboard in Resources */ = {isa = PBXBuildFile; fileRef = D6B7C92E2B2EC96100A3E1CD /* LaunchScreen.storyboard */; };
		D6B7C9332B2EC96100A3E1CD /* main.m in Sources */ = {isa = PBXBuildFile; fileRef = D6B7C9322B2EC96100A3E1CD /* main.m */; };
/* End PBXBuildFile section */

/* Begin PBXFileReference section */
		D6B7C91D2B2EC95F00A3E1CD /* goodMail.app */ = {isa = PBXFileReference; explicitFileType = wrapper.application; includeInIndex = 0; path = goodMail.app; sourceTree = BUILT_PRODUCTS_DIR; };
		D6B7C9202B2EC95F00A3E1CD /* AppDelegate.h */ = {isa = PBXFileReference; lastKnownFileType = sourcecode.c.h; path = AppDelegate.h; sourceTree = "<group>"; };
		D6B7C9212B2EC95F00A3E1CD /* AppDelegate.m */ = {isa = PBXFileReference; lastKnownFileType = sourcecode.c.objc; path = AppDelegate.m; sourceTree = "<group>"; };
		D6B7C9232B2EC95F00A3E1CD /* SceneDelegate.h */ = {isa = PBXFileReference; lastKnownFileType = sourcecode.c.h; path = SceneDelegate.h; sourceTree = "<group>"; };
		D6B7C9242B2EC95F00A3E1CD /* SceneDelegate.m */ = {isa = PBXFileReference; lastKnownFileType = sourcecode.c.objc; path = SceneDelegate.m; sourceTree = "<group>"; };
		D6B7C9262B2EC95F00A3E1CD /* ViewController.h */ = {isa = PBXFileReference; lastKnownFileType = sourcecode.c.h; path = ViewController.h; sourceTree = "<group>"; };
		D6B7C9272B2EC95F00A3E1CD /* ViewController.m */ = {isa = PBXFileReference; lastKnownFileType = sourcecode.c.objc; path = ViewController.m; sourceTree = "<group>"; };
		D6B7C92A2B2EC95F00A3E1CD /* Base */ = {isa = PBXFileReference; lastKnownFileType = file.storyboard; name = Base; path = Base.lproj/Main.storyboard; sourceTree = "<group>"; };
		D6B7C92C2B2EC96100A3E1CD /* Assets.xcassets */ = {isa = PBXFileReference; lastKnownFileType = folder.assetcatalog; path = Assets.xcassets; sourceTree = "<group>"; };
		D6B7C92F2B2EC96100A3E1CD /* Base */ = {isa = PBXFileReference; lastKnownFileType = file.storyboard; name = Base; path = Base.lproj/LaunchScreen.storyboard; sourceTree = "<group>"; };
		D6B7C9312B2EC96100A3E1CD /* Info.plist */ = {isa = PBXFileReference; lastKnownFileType = text.plist.xml; path = Info.plist; sourceTree = "<group>"; };
		D6B7C9322B2EC96100A3E1CD /* main.m */ = {isa = PBXFileReference; lastKnownFileType = sourcecode.c.objc; path = main.m; sourceTree = "<group>"; };
/* End PBXFileReference section */

/* Begin PBXFrameworksBuildPhase section */
		D6B7C91A2B2EC95F00A3E1CD /* Frameworks */ = {
			isa = PBXFrameworksBuildPhase;
			buildActionMask = 2147483647;
			files = (
			);
			runOnlyForDeploymentPostprocessing = 0;
		};
/* End PBXFrameworksBuildPhase section */

/* Begin PBXGroup section */
		D6B7C9142B2EC95F00A3E1CD = {
			isa = PBXGroup;
			children = (
				D6B7C91F2B2EC95F00A3E1CD /* goodMail */,
				D6B7C91E2B2EC95F00A3E1CD /* Products */,
			);
			sourceTree = "<group>";
		};
		D6B7C91E2B2EC95F00A3E1CD /* Products */ = {
			isa = PBXGroup;
			children = (
				D6B7C91D2B2EC95F00A3E1CD /* goodMail.app */,
			);
			name = Products;
			sourceTree = "<group>";
		};
		D6B7C91F2B2EC95F00A3E1CD /* goodMail */ = {
			isa = PBXGroup;
			children = (
				D6B7C9202B2EC95F00A3E1CD /* AppDelegate.h */,
				D6B7C9212B2EC95F00A3E1CD /* AppDelegate.m */,
				D6B7C9232B2EC95F00A3E1CD /* SceneDelegate.h */,
				D6B7C9242B2EC95F00A3E1CD /* SceneDelegate.m */,
				D6B7C9262B2EC95F00A3E1CD /* ViewController.h */,
				D6B7C9272B2EC95F00A3E1CD /* ViewController.m */,
				D6B7C9292B2EC95F00A3E1CD /* Main.storyboard */,
				D6B7C92C2B2EC96100A3E1CD /* Assets.xcassets */,
				D6B7C92E2B2EC96100A3E1CD /* LaunchScreen.storyboard */,
				D6B7C9312B2EC96100A3E1CD /* Info.plist */,
				D6B7C9322B2EC96100A3E1CD /* main.m */,
			);
			path = goodMail;
			sourceTree = "<group>";
		};
/* End PBXGroup section */

/* Begin PBXNativeTarget section */
		D6B7C91C2B2EC95F00A3E1CD /* goodMail */ = {
			isa = PBXNativeTarget;
			buildConfigurationList = D6B7C9362B2EC96100A3E1CD /* Build configuration list for PBXNativeTarget "goodMail" */;
			buildPhases = (
				D6B7C9192B2EC95F00A3E1CD /* Sources */,
				D6B7C91A2B2EC95F00A3E1CD /* Frameworks */,
				D6B7C91B2B2EC95F00A3E1CD /* Resources */,
			);
			buildRules = (
			);
			dependencies = (
			);
			name = goodMail;
			productName = goodMail;
			productReference = D6B7C91D2B2EC95F00A3E1CD /* goodMail.app */;
			productType = "com.apple.product-type.application";
		};
/* End PBXNativeTarget section */

/* Begin PBXProject section */
		D6B7C9152B2EC95F00A3E1CD /* Project object */ = {
			isa = PBXProject;
			attributes = {
				BuildIndependentTargetsInParallel = 1;
				LastUpgradeCheck = 1430;
				TargetAttributes = {
					D6B7C91C2B2EC95F00A3E1CD = {
						CreatedOnToolsVersion = 14.3.1;
					};
				};
			};
			buildConfigurationList = D6B7C9182B2EC95F00A3E1CD /* Build configuration list for PBXProject "goodMail" */;
			compatibilityVersion = "Xcode 14.0";
			developmentRegion = en;
			hasScannedForEncodings = 0;
			knownRegions = (
				en,
				Base,
			);
			mainGroup = D6B7C9142B2EC95F00A3E1CD;
			productRefGroup = D6B7C91E2B2EC95F00A3E1CD /* Products */;
			projectDirPath = "";
			projectRoot = "";
			targets = (
				D6B7C91C2B2EC95F00A3E1CD /* goodMail */,
			);
		};
/* End PBXProject section */

/* Begin PBXResourcesBuildPhase section */
		D6B7C91B2B2EC95F00A3E1CD /* Resources */ = {
			isa = PBXResourcesBuildPhase;
			buildActionMask = 2147483647;
			files = (
				D6B7C9302B2EC96100A3E1CD /* LaunchScreen.storyboard in Resources */,
				D6B7C92D2B2EC96100A3E1CD /* Assets.xcassets in Resources */,
				D6B7C92B2B2EC95F00A3E1CD /* Main.storyboard in Resources */,
			);
			runOnlyForDeploymentPostprocessing = 0;
		};
/* End PBXResourcesBuildPhase section */

/* Begin PBXSourcesBuildPhase section */
		D6B7C9192B2EC95F00A3E1CD /* Sources */ = {
			isa = PBXSourcesBuildPhase;
			buildActionMask = 2147483647;
			files = (
				D6B7C9282B2EC95F00A3E1CD /* ViewController.m in Sources */,
				D6B7C9222B2EC95F00A3E1CD /* AppDelegate.m in Sources */,
				D6B7C9332B2EC96100A3E1CD /* main.m in Sources */,
				D6B7C9252B2EC95F00A3E1CD /* SceneDelegate.m in Sources */,
			);
			runOnlyForDeploymentPostprocessing = 0;
		};
/* End PBXSourcesBuildPhase section */

/* Begin PBXVariantGroup section */
		D6B7C9292B2EC95F00A3E1CD /* Main.storyboard */ = {
			isa = PBXVariantGroup;
			children = (
				D6B7C92A2B2EC95F00A3E1CD /* Base */,
			);
			name = Main.storyboard;
			sourceTree = "<group>";
		};
		D6B7C92E2B2EC96100A3E1CD /* LaunchScreen.storyboard */ = {
			isa = PBXVariantGroup;
			children = (
				D6B7C92F2B2EC96100A3E1CD /* Base */,
			);
			name = LaunchScreen.storyboard;
			sourceTree = "<group>";
		};
/* End PBXVariantGroup section */

/* Begin XCBuildConfiguration section */
		D6B7C9342B2EC96100A3E1CD /* Debug */ = {
			isa = XCBuildConfiguration;
			buildSettings = {
				ALWAYS_SEARCH_USER_PATHS = NO;
				CLANG_ANALYZER_NONNULL = YES;
				CLANG_ANALYZER_NUMBER_OBJECT_CONVERSION = YES_AGGRESSIVE;
				CLANG_CXX_LANGUAGE_STANDARD = "gnu++20";
				CLANG_ENABLE_MODULES = YES;
				CLANG_ENABLE_OBJC_ARC = YES;
				CLANG_ENABLE_OBJC_WEAK = YES;
				CLANG_WARN_BLOCK_CAPTURE_AUTORELEASING = YES;
				CLANG_WARN_BOOL_CONVERSION = YES;
				CLANG_WARN_COMMA = YES;
				CLANG_WARN_CONSTANT_CONVERSION = YES;
				CLANG_WARN_DEPRECATED_OBJC_IMPLEMENTATIONS = YES;
				CLANG_WARN_DIRECT_OBJC_ISA_USAGE = YES_ERROR;
				CLANG_WARN_DOCUMENTATION_COMMENTS = YES;
				CLANG_WARN_EMPTY_BODY = YES;
				CLANG_WARN_ENUM_CONVERSION = YES;
				CLANG_WARN_INFINITE_RECURSION = YES;
				CLANG_WARN_INT_CONVERSION = YES;
				CLANG_WARN_NON_LITERAL_NULL_CONVERSION = YES;
				CLANG_WARN_OBJC_IMPLICIT_RETAIN_SELF = YES;
				CLANG_WARN_OBJC_LITERAL_CONVERSION = YES;
				CLANG_WARN_OBJC_ROOT_CLASS = YES_ERROR;
				CLANG_WARN_QUOTED_INCLUDE_IN_FRAMEWORK_HEADER = YES;
				CLANG_WARN_RANGE_LOOP_ANALYSIS = YES;
				CLANG_WARN_STRICT_PROTOTYPES = YES;
				CLANG_WARN_SUSPICIOUS_MOVE = YES;
				CLANG_WARN_UNGUARDED_AVAILABILITY = YES_AGGRESSIVE;
				CLANG_WARN_UNREACHABLE_CODE = YES;
				CLANG_WARN__DUPLICATE_METHOD_MATCH = YES;
				COPY_PHASE_STRIP = NO;
				DEBUG_INFORMATION_FORMAT = dwarf;
				ENABLE_STRICT_OBJC_MSGSEND = YES;
				ENABLE_TESTABILITY = YES;
				GCC_C_LANGUAGE_STANDARD = gnu11;
				GCC_DYNAMIC_NO_PIC = NO;
				GCC_NO_COMMON_BLOCKS = YES;
				GCC_OPTIMIZATION_LEVEL = 0;
				GCC_PREPROCESSOR_DEFINITIONS = (
					"DEBUG=1",
					"$(inherited)",
				);
				GCC_WARN_64_TO_32_BIT_CONVERSION = YES;
				GCC_WARN_ABOUT_RETURN_TYPE = YES_ERROR;
				GCC_WARN_UNDECLARED_SELECTOR = YES;
				GCC_WARN_UNINITIALIZED_AUTOS = YES_AGGRESSIVE;
				GCC_WARN_UNUSED_FUNCTION = YES;
				GCC_WARN_UNUSED_VARIABLE = YES;
				IPHONEOS_DEPLOYMENT_TARGET = 16.4;
				MTL_ENABLE_DEBUG_INFO = INCLUDE_SOURCE;
				MTL_FAST_MATH = YES;
				ONLY_ACTIVE_ARCH = YES;
				SDKROOT = iphoneos;
			};
			name = Debug;
		};
		D6B7C9352B2EC96100A3E1CD /* Release */ = {
			isa = XCBuildConfiguration;
			buildSettings = {
				ALWAYS_SEARCH_USER_PATHS = NO;
				CLANG_ANALYZER_NONNULL = YES;
				CLANG_ANALYZER_NUMBER_OBJECT_CONVERSION = YES_AGGRESSIVE;
				CLANG_CXX_LANGUAGE_STANDARD = "gnu++20";
				CLANG_ENABLE_MODULES = YES;
				CLANG_ENABLE_OBJC_ARC = YES;
				CLANG_ENABLE_OBJC_WEAK = YES;
				CLANG_WARN_BLOCK_CAPTURE_AUTORELEASING = YES;
				CLANG_WARN_BOOL_CONVERSION = YES;
				CLANG_WARN_COMMA = YES;
				CLANG_WARN_CONSTANT_CONVERSION = YES;
				CLANG_WARN_DEPRECATED_OBJC_IMPLEMENTATIONS = YES;
				CLANG_WARN_DIRECT_OBJC_ISA_USAGE = YES_ERROR;
				CLANG_WARN_DOCUMENTATION_COMMENTS = YES;
				CLANG_WARN_EMPTY_BODY = YES;
				CLANG_WARN_ENUM_CONVERSION = YES;
				CLANG_WARN_INFINITE_RECURSION = YES;
				CLANG_WARN_INT_CONVERSION = YES;
				CLANG_WARN_NON_LITERAL_NULL_CONVERSION = YES;
				CLANG_WARN_OBJC_IMPLICIT_RETAIN_SELF = YES;
				CLANG_WARN_OBJC_LITERAL_CONVERSION = YES;
				CLANG_WARN_OBJC_ROOT_CLASS = YES_ERROR;
				CLANG_WARN_QUOTED_INCLUDE_IN_FRAMEWORK_HEADER = YES;
				CLANG_WARN_RANGE_LOOP_ANALYSIS = YES;
				CLANG_WARN_STRICT_PROTOTYPES = YES;
				CLANG_WARN_SUSPICIOUS_MOVE = YES;
				CLANG_WARN_UNGUARDED_AVAILABILITY = YES_AGGRESSIVE;
				CLANG_WARN_UNREACHABLE_CODE = YES;
				CLANG_WARN__DUPLICATE_METHOD_MATCH = YES;
				COPY_PHASE_STRIP = NO;
				DEBUG_INFORMATION_FORMAT = "dwarf-with-dsym";
				ENABLE_NS_ASSERTIONS = NO;
				ENABLE_STRICT_OBJC_MSGSEND = YES;
				GCC_C_LANGUAGE_STANDARD = gnu11;
				GCC_NO_COMMON_BLOCKS = YES;
				GCC_WARN_64_TO_32_BIT_CONVERSION = YES;
				GCC_WARN_ABOUT_RETURN_TYPE = YES_ERROR;
				GCC_WARN_UNDECLARED_SELECTOR = YES;
				GCC_WARN_UNINITIALIZED_AUTOS = YES_AGGRESSIVE;
				GCC_WARN_UNUSED_FUNCTION = YES;
				GCC_WARN_UNUSED_VARIABLE = YES;
				IPHONEOS_DEPLOYMENT_TARGET = 16.4;
				MTL_ENABLE_DEBUG_INFO = NO;
				MTL_FAST_MATH = YES;
				SDKROOT = iphoneos;
				VALIDATE_PRODUCT = YES;
			};
			name = Release;
		};
		D6B7C9372B2EC96100A3E1CD /* Debug */ = {
			isa = XCBuildConfiguration;
			buildSettings = {
				ASSETCATALOG_COMPILER_APPICON_NAME = AppIcon;
				ASSETCATALOG_COMPILER_GLOBAL_ACCENT_COLOR_NAME = AccentColor;
				CODE_SIGN_STYLE = Automatic;
				CURRENT_PROJECT_VERSION = 1;
				DEVELOPMENT_TEAM = SZ9RTNFDAA;
				GENERATE_INFOPLIST_FILE = YES;
				INFOPLIST_FILE = goodMail/Info.plist;
				INFOPLIST_KEY_UIApplicationSupportsIndirectInputEvents = YES;
				INFOPLIST_KEY_UILaunchStoryboardName = LaunchScreen;
				INFOPLIST_KEY_UIMainStoryboardFile = Main;
				INFOPLIST_KEY_UISupportedInterfaceOrientations_iPad = "UIInterfaceOrientationPortrait UIInterfaceOrientationPortraitUpsideDown UIInterfaceOrientationLandscapeLeft UIInterfaceOrientationLandscapeRight";
				INFOPLIST_KEY_UISupportedInterfaceOrientations_iPhone = "UIInterfaceOrientationPortrait UIInterfaceOrientationLandscapeLeft UIInterfaceOrientationLandscapeRight";
				LD_RUNPATH_SEARCH_PATHS = (
					"$(inherited)",
					"@executable_path/Frameworks",
				);
				MARKETING_VERSION = 1.0;
				PRODUCT_BUNDLE_IDENTIFIER = com.hansmander.goodMail;
				PRODUCT_NAME = "$(TARGET_NAME)";
				SWIFT_EMIT_LOC_STRINGS = YES;
				TARGETED_DEVICE_FAMILY = "1,2";
			};
			name = Debug;
		};
		D6B7C9382B2EC96100A3E1CD /* Release */ = {
			isa = XCBuildConfiguration;
			buildSettings = {
				ASSETCATALOG_COMPILER_APPICON_NAME = AppIcon;
				ASSETCATALOG_COMPILER_GLOBAL_ACCENT_COLOR_NAME = AccentColor;
				CODE_SIGN_STYLE = Automatic;
				CURRENT_PROJECT_VERSION = 1;
				DEVELOPMENT_TEAM = SZ9RTNFDAA;
				GENERATE_INFOPLIST_FILE = YES;
				INFOPLIST_FILE = goodMail/Info.plist;
				INFOPLIST_KEY_UIApplicationSupportsIndirectInputEvents = YES;
				INFOPLIST_KEY_UILaunchStoryboardName = LaunchScreen;
				INFOPLIST_KEY_UIMainStoryboardFile = Main;
				INFOPLIST_KEY_UISupportedInterfaceOrientations_iPad = "UIInterfaceOrientationPortrait UIInterfaceOrientationPortraitUpsideDown UIInterfaceOrientationLandscapeLeft UIInterfaceOrientationLandscapeRight";
				INFOPLIST_KEY_UISupportedInterfaceOrientations_iPhone = "UIInterfaceOrientationPortrait UIInterfaceOrientationLandscapeLeft UIInterfaceOrientationLandscapeRight";
				LD_RUNPATH_SEARCH_PATHS = (
					"$(inherited)",
					"@executable_path/Frameworks",
				);
				MARKETING_VERSION = 1.0;
				PRODUCT_BUNDLE_IDENTIFIER = com.hansmander.goodMail;
				PRODUCT_NAME = "$(TARGET_NAME)";
				SWIFT_EMIT_LOC_STRINGS = YES;
				TARGETED_DEVICE_FAMILY = "1,2";
			};
			name = Release;
		};
/* End XCBuildConfiguration section */

/* Begin XCConfigurationList section */
		D6B7C9182B2EC95F00A3E1CD /* Build configuration list for PBXProject "goodMail" */ = {
			isa = XCConfigurationList;
			buildConfigurations = (
				D6B7C9342B2EC96100A3E1CD /* Debug */,
				D6B7C9352B2EC96100A3E1CD /* Release */,
			);
			defaultConfigurationIsVisible = 0;
			defaultConfigurationName = Release;
		};
		D6B7C9362B2EC96100A3E1CD /* Build configuration list for PBXNativeTarget "goodMail" */ = {
			isa = XCConfigurationList;
			buildConfigurations = (
				D6B7C9372B2EC96100A3E1CD /* Debug */,
				D6B7C9382B2EC96100A3E1CD /* Release */,
			);
			defaultConfigurationIsVisible = 0;
			defaultConfigurationName = Release;
		};
/* End XCConfigurationList section */
	};
	rootObject = D6B7C9152B2EC95F00A3E1CD /* Project object */;
}
